
Microsoft Visual Studio Solution File, Format Version 12.00
# Visual Studio 2012
Project("{8BC9CEB8-8B4A-11D0-8D11-00A0C91BC942}") = "SystemKino", "SystemKino\SystemKino.vcxproj", "{E6AA3CBC-8765-47BE-83A4-A3979771279D}"
EndProject
Project("{2150E333-8FDC-42A3-9474-1A3956D46DE8}") = "Solution Items", "Solution Items", "{18ABA45D-5341-44DA-A163-FF3D7ECEB361}"
	ProjectSection(SolutionItems) = preProject
		poznamky.txt = poznamky.txt
	EndProjectSection
EndProject
Global
	GlobalSection(SolutionConfigurationPlatforms) = preSolution
		Debug|x64 = Debug|x64
		Debug|x86 = Debug|x86
		Release|x64 = Release|x64
		Release|x86 = Release|x86
	EndGlobalSection
	GlobalSection(ProjectConfigurationPlatforms) = postSolution
		{E6AA3CBC-8765-47BE-83A4-A3979771279D}.Debug|x64.ActiveCfg = Release|x64
		{E6AA3CBC-8765-47BE-83A4-A3979771279D}.Debug|x64.Build.0 = Release|x64
		{E6AA3CBC-8765-47BE-83A4-A3979771279D}.Debug|x86.ActiveCfg = Debug|Win32
		{E6AA3CBC-8765-47BE-83A4-A3979771279D}.Debug|x86.Build.0 = Debug|Win32
		{E6AA3CBC-8765-47BE-83A4-A3979771279D}.Release|x64.ActiveCfg = Release|x64
		{E6AA3CBC-8765-47BE-83A4-A3979771279D}.Release|x64.Build.0 = Release|x64
		{E6AA3CBC-8765-47BE-83A4-A3979771279D}.Release|x86.ActiveCfg = Release|Win32
		{E6AA3CBC-8765-47BE-83A4-A3979771279D}.Release|x86.Build.0 = Release|Win32
	EndGlobalSection
	GlobalSection(SolutionProperties) = preSolution
		HideSolutionNode = FALSE
	EndGlobalSection
EndGlobal
